
Microsoft Visual Studio Solution File, Format Version 12.00
# Visual Studio 15
VisualStudioVersion = 15.0.28010.2050
MinimumVisualStudioVersion = 10.0.40219.1
Project("{FAE04EC0-301F-11D3-BF4B-00C04F79EFBC}") = "JsonRickandMorty", "JsonRickandMorty\JsonRickandMorty.csproj", "{72AC117F-E344-40AF-B588-1804031D3298}"
EndProject
Global
	GlobalSection(SolutionConfigurationPlatforms) = preSolution
		Debug|Any CPU = Debug|Any CPU
		Release|Any CPU = Release|Any CPU
	EndGlobalSection
	GlobalSection(ProjectConfigurationPlatforms) = postSolution
		{72AC117F-E344-40AF-B588-1804031D3298}.Debug|Any CPU.ActiveCfg = Debug|Any CPU
		{72AC117F-E344-40AF-B588-1804031D3298}.Debug|Any CPU.Build.0 = Debug|Any CPU
		{72AC117F-E344-40AF-B588-1804031D3298}.Release|Any CPU.ActiveCfg = Release|Any CPU
		{72AC117F-E344-40AF-B588-1804031D3298}.Release|Any CPU.Build.0 = Release|Any CPU
	EndGlobalSection
	GlobalSection(SolutionProperties) = preSolution
		HideSolutionNode = FALSE
	EndGlobalSection
	GlobalSection(ExtensibilityGlobals) = postSolution
		SolutionGuid = {2D594804-EF42-4AAE-A41E-605E1D4AB847}
	EndGlobalSection
EndGlobal
